
Microsoft Visual Studio Solution File, Format Version 12.00
# Visual Studio 15
VisualStudioVersion = 15.0.28307.645
MinimumVisualStudioVersion = 10.0.40219.1
Project("{FAE04EC0-301F-11D3-BF4B-00C04F79EFBC}") = "SpatialCubesDomain", "SpatialCubesDomain\SpatialCubesDomain.csproj", "{AB231246-3A66-4BB1-B2DD-CA3B4BE73DA9}"
EndProject
Project("{FAE04EC0-301F-11D3-BF4B-00C04F79EFBC}") = "SpatialCubesTest", "SpatialCubesTest\SpatialCubesTest.csproj", "{51ABF9B7-6878-47F3-8A14-D08ACD21C40E}"
EndProject
Project("{9A19103F-16F7-4668-BE54-9A1E7A4F7556}") = "SpatialCubesBusiness", "SpatialCubesBusiness\SpatialCubesBusiness.csproj", "{708692DA-0E21-4799-BED3-703C863BE717}"
EndProject
Global
	GlobalSection(SolutionConfigurationPlatforms) = preSolution
		Debug|Any CPU = Debug|Any CPU
		Release|Any CPU = Release|Any CPU
	EndGlobalSection
	GlobalSection(ProjectConfigurationPlatforms) = postSolution
		{AB231246-3A66-4BB1-B2DD-CA3B4BE73DA9}.Debug|Any CPU.ActiveCfg = Debug|Any CPU
		{AB231246-3A66-4BB1-B2DD-CA3B4BE73DA9}.Debug|Any CPU.Build.0 = Debug|Any CPU
		{AB231246-3A66-4BB1-B2DD-CA3B4BE73DA9}.Release|Any CPU.ActiveCfg = Release|Any CPU
		{AB231246-3A66-4BB1-B2DD-CA3B4BE73DA9}.Release|Any CPU.Build.0 = Release|Any CPU
		{51ABF9B7-6878-47F3-8A14-D08ACD21C40E}.Debug|Any CPU.ActiveCfg = Debug|Any CPU
		{51ABF9B7-6878-47F3-8A14-D08ACD21C40E}.Debug|Any CPU.Build.0 = Debug|Any CPU
		{51ABF9B7-6878-47F3-8A14-D08ACD21C40E}.Release|Any CPU.ActiveCfg = Release|Any CPU
		{51ABF9B7-6878-47F3-8A14-D08ACD21C40E}.Release|Any CPU.Build.0 = Release|Any CPU
		{708692DA-0E21-4799-BED3-703C863BE717}.Debug|Any CPU.ActiveCfg = Debug|Any CPU
		{708692DA-0E21-4799-BED3-703C863BE717}.Debug|Any CPU.Build.0 = Debug|Any CPU
		{708692DA-0E21-4799-BED3-703C863BE717}.Release|Any CPU.ActiveCfg = Release|Any CPU
		{708692DA-0E21-4799-BED3-703C863BE717}.Release|Any CPU.Build.0 = Release|Any CPU
	EndGlobalSection
	GlobalSection(SolutionProperties) = preSolution
		HideSolutionNode = FALSE
	EndGlobalSection
	GlobalSection(ExtensibilityGlobals) = postSolution
		SolutionGuid = {5DA647D0-744C-4B66-9854-49369F8AA46B}
	EndGlobalSection
EndGlobal
